
Microsoft Visual Studio Solution File, Format Version 12.00
# Visual Studio Version 17
VisualStudioVersion = 17.10.34928.147
MinimumVisualStudioVersion = 10.0.40219.1
Project("{FAE04EC0-301F-11D3-BF4B-00C04F79EFBC}") = "MPEGUI", "MPEGUI\MPEGUI.csproj", "{4FB9EF1F-833F-449C-88AC-FC72A5BF2792}"
EndProject
Global
	GlobalSection(SolutionConfigurationPlatforms) = preSolution
		Debug|Any CPU = Debug|Any CPU
		Release|Any CPU = Release|Any CPU
	EndGlobalSection
	GlobalSection(ProjectConfigurationPlatforms) = postSolution
		{4FB9EF1F-833F-449C-88AC-FC72A5BF2792}.Debug|Any CPU.ActiveCfg = Debug|Any CPU
		{4FB9EF1F-833F-449C-88AC-FC72A5BF2792}.Debug|Any CPU.Build.0 = Debug|Any CPU
		{4FB9EF1F-833F-449C-88AC-FC72A5BF2792}.Release|Any CPU.ActiveCfg = Release|Any CPU
		{4FB9EF1F-833F-449C-88AC-FC72A5BF2792}.Release|Any CPU.Build.0 = Release|Any CPU
	EndGlobalSection
	GlobalSection(SolutionProperties) = preSolution
		HideSolutionNode = FALSE
	EndGlobalSection
	GlobalSection(ExtensibilityGlobals) = postSolution
		SolutionGuid = {02939441-141A-43A3-A94D-B96AE7F02E66}
	EndGlobalSection
EndGlobal
